github.com/gorilla/websocket v1.5.0 h1:PPwGk2jz7EePpoHN/+ClbZu8SPxiqlu12wZP/3sWmnc=
github.com/gorilla/websocket v1.5.0/go.mod h1:YR8l580nyteQvAITg2hZ9XVh4b55+EU/adAjf1fMHhE=
github.com/mb0/diff v0.0.0-20131118162322-d8d9a906c24d h1:eAS2t2Vy+6psf9LZ4T5WXWsbkBt3Tu5PWekJy5AGyEU=
github.com/mb0/diff v0.0.0-20131118162322-d8d9a906c24d/go.mod h1:3YMHqrw2Qu3Liy82v4QdAG17e9k91HZ7w3hqlpWqhDo=
xelf.org/daql v0.0.0-20221215120630-31edfd221939 h1:stxBYSP5G3t0LS0lnsyrWwWxfvnYr/OAqxG4xhKhf2A=
xelf.org/daql v0.0.0-20221215120630-31edfd221939/go.mod h1:oidOUY6iTooM8GtezLT3IDZPZrAZOWEvKwCIYDxH4M0=
xelf.org/xelf v0.0.0-20221214190218-1d315bacae96 h1:N8QDqN4L7Zc4yAJUHHlOHIyuv3msIB/co9uOCPb+45s=
xelf.org/xelf v0.0.0-20221214190218-1d315bacae96/go.mod h1:bm1EiA9l29A9LLR52rFbxjDjFcW+60JU0UOQn+Tm9EA=
