github.com/gorilla/websocket v1.5.0 h1:PPwGk2jz7EePpoHN/+ClbZu8SPxiqlu12wZP/3sWmnc=
github.com/gorilla/websocket v1.5.0/go.mod h1:YR8l580nyteQvAITg2hZ9XVh4b55+EU/adAjf1fMHhE=
github.com/mb0/diff v0.0.0-20131118162322-d8d9a906c24d h1:eAS2t2Vy+6psf9LZ4T5WXWsbkBt3Tu5PWekJy5AGyEU=
github.com/mb0/diff v0.0.0-20131118162322-d8d9a906c24d/go.mod h1:3YMHqrw2Qu3Liy82v4QdAG17e9k91HZ7w3hqlpWqhDo=
xelf.org/daql v0.0.0-20221209073634-cc0a4c87268e h1:61jXHemiNXJLXEqGeOMOB1Tp2b9EJ9Sd0Q41rrKRyck=
xelf.org/daql v0.0.0-20221209073634-cc0a4c87268e/go.mod h1:7oZ7Nv0hG8pIQt9dhCGarwljwFHVUkVc0WjeQZG1kys=
xelf.org/xelf v0.0.0-20221209064811-42a4aa046057 h1:4P/exucYnBcGFK0sOl2nMwZOuBBPRy3/1vqcKCl9INU=
xelf.org/xelf v0.0.0-20221209064811-42a4aa046057/go.mod h1:bm1EiA9l29A9LLR52rFbxjDjFcW+60JU0UOQn+Tm9EA=
